
Microsoft Visual Studio Solution File, Format Version 12.00
# Visual Studio Version 17
VisualStudioVersion = 17.6.33723.286
MinimumVisualStudioVersion = 10.0.40219.1
Project("{9A19103F-16F7-4668-BE54-9A1E7A4F7556}") = "RHGMTool", ".\RHGMTool\RHGMTool.csproj", "{D0BEFC3C-0B92-4F7A-ACE3-1CAA90E1ADE5}"
EndProject
Project("{FAE04EC0-301F-11D3-BF4B-00C04F79EFBC}") = "RHGMDB", ".\RHGMDB\RHGMDB.csproj", "{EEFFA9A2-EA09-427E-84C0-458C4552FD87}"
EndProject
Global
	GlobalSection(SolutionConfigurationPlatforms) = preSolution
		Debug|Any CPU = Debug|Any CPU
		Release|Any CPU = Release|Any CPU
	EndGlobalSection
	GlobalSection(ProjectConfigurationPlatforms) = postSolution
		{D0BEFC3C-0B92-4F7A-ACE3-1CAA90E1ADE5}.Debug|Any CPU.ActiveCfg = Debug|Any CPU
		{D0BEFC3C-0B92-4F7A-ACE3-1CAA90E1ADE5}.Debug|Any CPU.Build.0 = Debug|Any CPU
		{D0BEFC3C-0B92-4F7A-ACE3-1CAA90E1ADE5}.Release|Any CPU.ActiveCfg = Release|Any CPU
		{D0BEFC3C-0B92-4F7A-ACE3-1CAA90E1ADE5}.Release|Any CPU.Build.0 = Release|Any CPU
		{EEFFA9A2-EA09-427E-84C0-458C4552FD87}.Debug|Any CPU.ActiveCfg = Debug|Any CPU
		{EEFFA9A2-EA09-427E-84C0-458C4552FD87}.Debug|Any CPU.Build.0 = Debug|Any CPU
		{EEFFA9A2-EA09-427E-84C0-458C4552FD87}.Release|Any CPU.ActiveCfg = Release|Any CPU
		{EEFFA9A2-EA09-427E-84C0-458C4552FD87}.Release|Any CPU.Build.0 = Release|Any CPU
	EndGlobalSection
	GlobalSection(SolutionProperties) = preSolution
		HideSolutionNode = FALSE
	EndGlobalSection
	GlobalSection(ExtensibilityGlobals) = postSolution
		SolutionGuid = {BD2FD490-D78E-4ACD-8B7E-775B7B68586A}
	EndGlobalSection
EndGlobal
